{
  "name": "@anka-dev/voila",
  "version": "0.0.1",
  "lockfileVersion": 1,
  "requires": true,
  "dependencies": {
    "js-deep-diff": {
      "version": "0.0.2",
      "resolved": "https://registry.npmjs.org/js-deep-diff/-/js-deep-diff-0.0.2.tgz",
      "integrity": "sha512-ZXP2bY+SfK0TUfrsLFt8smy/7+5pRdBqAPv3S9dlcEyNt1AQYiJUN4qO4IEyvR4ECnbCMTprygAWXjTdXmoUmQ=="
    }
  }
}
